
Microsoft Visual Studio Solution File, Format Version 11.00
# Visual Studio 2010
Project("{159641D6-6404-4A2A-AE62-294DE0FE8301}") = "XMLToDBTables", "XMLToDBTables\XMLToDBTables.dtproj", "{62944F52-83D1-4C24-BDE0-D5C0FF505B67}"
EndProject
Global
	GlobalSection(SolutionConfigurationPlatforms) = preSolution
		Development|Default = Development|Default
	EndGlobalSection
	GlobalSection(ProjectConfigurationPlatforms) = postSolution
		{62944F52-83D1-4C24-BDE0-D5C0FF505B67}.Development|Default.ActiveCfg = Development
		{62944F52-83D1-4C24-BDE0-D5C0FF505B67}.Development|Default.Build.0 = Development
	EndGlobalSection
	GlobalSection(SolutionProperties) = preSolution
		HideSolutionNode = FALSE
	EndGlobalSection
EndGlobal
